
Microsoft Visual Studio Solution File, Format Version 12.00
# Visual Studio Version 17
VisualStudioVersion = 17.6.33829.357
MinimumVisualStudioVersion = 10.0.40219.1
Project("{FAE04EC0-301F-11D3-BF4B-00C04F79EFBC}") = "Q2CS", "Q2CS\Q2CS.csproj", "{82F5676B-A636-48BE-A808-C7B9DE0F981A}"
EndProject
Global
	GlobalSection(SolutionConfigurationPlatforms) = preSolution
		Debug|Any CPU = Debug|Any CPU
		Release|Any CPU = Release|Any CPU
	EndGlobalSection
	GlobalSection(ProjectConfigurationPlatforms) = postSolution
		{82F5676B-A636-48BE-A808-C7B9DE0F981A}.Debug|Any CPU.ActiveCfg = Debug|Any CPU
		{82F5676B-A636-48BE-A808-C7B9DE0F981A}.Debug|Any CPU.Build.0 = Debug|Any CPU
		{82F5676B-A636-48BE-A808-C7B9DE0F981A}.Release|Any CPU.ActiveCfg = Release|Any CPU
		{82F5676B-A636-48BE-A808-C7B9DE0F981A}.Release|Any CPU.Build.0 = Release|Any CPU
	EndGlobalSection
	GlobalSection(SolutionProperties) = preSolution
		HideSolutionNode = FALSE
	EndGlobalSection
	GlobalSection(ExtensibilityGlobals) = postSolution
		SolutionGuid = {0F1BC5F2-8B55-4D57-A10D-572E7D065EAC}
	EndGlobalSection
EndGlobal
